
Microsoft Visual Studio Solution File, Format Version 12.00
# Visual Studio Version 17
VisualStudioVersion = 17.14.36908.2 d17.14
MinimumVisualStudioVersion = 10.0.40219.1
Project("{FAE04EC0-301F-11D3-BF4B-00C04F79EFBC}") = "ToDo.Api", "ToDo.Api\ToDo.Api.csproj", "{B3659016-EB2C-4F00-9FDA-8AF6C8AB298B}"
EndProject
Global
	GlobalSection(SolutionConfigurationPlatforms) = preSolution
		Debug|Any CPU = Debug|Any CPU
		Release|Any CPU = Release|Any CPU
	EndGlobalSection
	GlobalSection(ProjectConfigurationPlatforms) = postSolution
		{B3659016-EB2C-4F00-9FDA-8AF6C8AB298B}.Debug|Any CPU.ActiveCfg = Debug|Any CPU
		{B3659016-EB2C-4F00-9FDA-8AF6C8AB298B}.Debug|Any CPU.Build.0 = Debug|Any CPU
		{B3659016-EB2C-4F00-9FDA-8AF6C8AB298B}.Release|Any CPU.ActiveCfg = Release|Any CPU
		{B3659016-EB2C-4F00-9FDA-8AF6C8AB298B}.Release|Any CPU.Build.0 = Release|Any CPU
	EndGlobalSection
	GlobalSection(SolutionProperties) = preSolution
		HideSolutionNode = FALSE
	EndGlobalSection
	GlobalSection(ExtensibilityGlobals) = postSolution
		SolutionGuid = {33074179-A699-43A1-AEEA-C91A6F3405A2}
	EndGlobalSection
EndGlobal
